// !$*UTF8*$!
{
	archiveVersion = 1;
	classes = {
	};
	objectVersion = 46;
	objects = {

/* Begin PBXBuildFile section */
		740174561B381B63007441A9 /* Bicycle.m in Sources */ = {isa = PBXBuildFile; fileRef = 740174551B381B63007441A9 /* Bicycle.m */; };
		740174581B381C8A007441A9 /* main_bicycle.m in Sources */ = {isa = PBXBuildFile; fileRef = 740174571B381C8A007441A9 /* main_bicycle.m */; };
		7401745B1B381F70007441A9 /* Car.m in Sources */ = {isa = PBXBuildFile; fileRef = 7401745A1B381F70007441A9 /* Car.m */; };
		740174641B38214E007441A9 /* Car+Maintenance.m in Sources */ = {isa = PBXBuildFile; fileRef = 740174631B38214E007441A9 /* Car+Maintenance.m */; };
		740174671B382331007441A9 /* Car+Protected.m in Sources */ = {isa = PBXBuildFile; fileRef = 740174661B382331007441A9 /* Car+Protected.m */; };
		7401746A1B3823CB007441A9 /* Coupe.m in Sources */ = {isa = PBXBuildFile; fileRef = 740174691B3823CB007441A9 /* Coupe.m */; };
		74ECDD051B37D16E00F23DBB /* Car_old.m in Sources */ = {isa = PBXBuildFile; fileRef = 74ECDD041B37D16E00F23DBB /* Car_old.m */; };
		74ECDD081B37E4AA00F23DBB /* Person.m in Sources */ = {isa = PBXBuildFile; fileRef = 74ECDD071B37E4AA00F23DBB /* Person.m */; };
/* End PBXBuildFile section */

/* Begin PBXCopyFilesBuildPhase section */
		74ECDCF71B37C89200F23DBB /* CopyFiles */ = {
			isa = PBXCopyFilesBuildPhase;
			buildActionMask = 2147483647;
			dstPath = /usr/share/man/man1/;
			dstSubfolderSpec = 0;
			files = (
			);
			runOnlyForDeploymentPostprocessing = 1;
		};
/* End PBXCopyFilesBuildPhase section */

/* Begin PBXFileReference section */
		740174531B3819D7007441A9 /* StreetLegal.h */ = {isa = PBXFileReference; lastKnownFileType = sourcecode.c.h; path = StreetLegal.h; sourceTree = "<group>"; };
		740174541B381AC1007441A9 /* Bicycle.h */ = {isa = PBXFileReference; lastKnownFileType = sourcecode.c.h; path = Bicycle.h; sourceTree = "<group>"; };
		740174551B381B63007441A9 /* Bicycle.m */ = {isa = PBXFileReference; fileEncoding = 4; lastKnownFileType = sourcecode.c.objc; path = Bicycle.m; sourceTree = "<group>"; };
		740174571B381C8A007441A9 /* main_bicycle.m */ = {isa = PBXFileReference; fileEncoding = 4; lastKnownFileType = sourcecode.c.objc; path = main_bicycle.m; sourceTree = "<group>"; };
		740174591B381F70007441A9 /* Car.h */ = {isa = PBXFileReference; fileEncoding = 4; lastKnownFileType = sourcecode.c.h; path = Car.h; sourceTree = "<group>"; };
		7401745A1B381F70007441A9 /* Car.m */ = {isa = PBXFileReference; fileEncoding = 4; lastKnownFileType = sourcecode.c.objc; path = Car.m; sourceTree = "<group>"; };
		740174621B38214E007441A9 /* Car+Maintenance.h */ = {isa = PBXFileReference; fileEncoding = 4; lastKnownFileType = sourcecode.c.h; name = "Car+Maintenance.h"; path = "../Car+Maintenance.h"; sourceTree = "<group>"; };
		740174631B38214E007441A9 /* Car+Maintenance.m */ = {isa = PBXFileReference; fileEncoding = 4; lastKnownFileType = sourcecode.c.objc; name = "Car+Maintenance.m"; path = "../Car+Maintenance.m"; sourceTree = "<group>"; };
		740174651B382331007441A9 /* Car+Protected.h */ = {isa = PBXFileReference; fileEncoding = 4; lastKnownFileType = sourcecode.c.h; path = "Car+Protected.h"; sourceTree = "<group>"; };
		740174661B382331007441A9 /* Car+Protected.m */ = {isa = PBXFileReference; fileEncoding = 4; lastKnownFileType = sourcecode.c.objc; path = "Car+Protected.m"; sourceTree = "<group>"; };
		740174681B3823CB007441A9 /* Coupe.h */ = {isa = PBXFileReference; fileEncoding = 4; lastKnownFileType = sourcecode.c.h; path = Coupe.h; sourceTree = "<group>"; };
		740174691B3823CB007441A9 /* Coupe.m */ = {isa = PBXFileReference; fileEncoding = 4; lastKnownFileType = sourcecode.c.objc; path = Coupe.m; sourceTree = "<group>"; };
		74ECDCF91B37C89200F23DBB /* HelloObjectiveC */ = {isa = PBXFileReference; explicitFileType = "compiled.mach-o.executable"; includeInIndex = 0; path = HelloObjectiveC; sourceTree = BUILT_PRODUCTS_DIR; };
		74ECDCFC1B37C89200F23DBB /* main.m */ = {isa = PBXFileReference; lastKnownFileType = sourcecode.c.objc; path = main.m; sourceTree = "<group>"; };
		74ECDD031B37D16E00F23DBB /* Car_old.h */ = {isa = PBXFileReference; fileEncoding = 4; lastKnownFileType = sourcecode.c.h; path = Car_old.h; sourceTree = "<group>"; };
		74ECDD041B37D16E00F23DBB /* Car_old.m */ = {isa = PBXFileReference; fileEncoding = 4; lastKnownFileType = sourcecode.c.objc; path = Car_old.m; sourceTree = "<group>"; };
		74ECDD061B37E4AA00F23DBB /* Person.h */ = {isa = PBXFileReference; fileEncoding = 4; lastKnownFileType = sourcecode.c.h; path = Person.h; sourceTree = "<group>"; };
		74ECDD071B37E4AA00F23DBB /* Person.m */ = {isa = PBXFileReference; fileEncoding = 4; lastKnownFileType = sourcecode.c.objc; path = Person.m; sourceTree = "<group>"; };
/* End PBXFileReference section */

/* Begin PBXFrameworksBuildPhase section */
		74ECDCF61B37C89200F23DBB /* Frameworks */ = {
			isa = PBXFrameworksBuildPhase;
			buildActionMask = 2147483647;
			files = (
			);
			runOnlyForDeploymentPostprocessing = 0;
		};
/* End PBXFrameworksBuildPhase section */

/* Begin PBXGroup section */
		74ECDCF01B37C89200F23DBB = {
			isa = PBXGroup;
			children = (
				74ECDCFB1B37C89200F23DBB /* HelloObjectiveC */,
				74ECDCFA1B37C89200F23DBB /* Products */,
			);
			sourceTree = "<group>";
		};
		74ECDCFA1B37C89200F23DBB /* Products */ = {
			isa = PBXGroup;
			children = (
				74ECDCF91B37C89200F23DBB /* HelloObjectiveC */,
			);
			name = Products;
			sourceTree = "<group>";
		};
		74ECDCFB1B37C89200F23DBB /* HelloObjectiveC */ = {
			isa = PBXGroup;
			children = (
				740174621B38214E007441A9 /* Car+Maintenance.h */,
				740174631B38214E007441A9 /* Car+Maintenance.m */,
				74ECDCFC1B37C89200F23DBB /* main.m */,
				740174571B381C8A007441A9 /* main_bicycle.m */,
				740174651B382331007441A9 /* Car+Protected.h */,
				740174661B382331007441A9 /* Car+Protected.m */,
				740174681B3823CB007441A9 /* Coupe.h */,
				740174691B3823CB007441A9 /* Coupe.m */,
				74ECDD061B37E4AA00F23DBB /* Person.h */,
				74ECDD071B37E4AA00F23DBB /* Person.m */,
				74ECDD031B37D16E00F23DBB /* Car_old.h */,
				740174591B381F70007441A9 /* Car.h */,
				7401745A1B381F70007441A9 /* Car.m */,
				74ECDD041B37D16E00F23DBB /* Car_old.m */,
				740174531B3819D7007441A9 /* StreetLegal.h */,
				740174541B381AC1007441A9 /* Bicycle.h */,
				740174551B381B63007441A9 /* Bicycle.m */,
			);
			path = HelloObjectiveC;
			sourceTree = "<group>";
		};
/* End PBXGroup section */

/* Begin PBXNativeTarget section */
		74ECDCF81B37C89200F23DBB /* HelloObjectiveC */ = {
			isa = PBXNativeTarget;
			buildConfigurationList = 74ECDD001B37C89200F23DBB /* Build configuration list for PBXNativeTarget "HelloObjectiveC" */;
			buildPhases = (
				74ECDCF51B37C89200F23DBB /* Sources */,
				74ECDCF61B37C89200F23DBB /* Frameworks */,
				74ECDCF71B37C89200F23DBB /* CopyFiles */,
			);
			buildRules = (
			);
			dependencies = (
			);
			name = HelloObjectiveC;
			productName = HelloObjectiveC;
			productReference = 74ECDCF91B37C89200F23DBB /* HelloObjectiveC */;
			productType = "com.apple.product-type.tool";
		};
/* End PBXNativeTarget section */

/* Begin PBXProject section */
		74ECDCF11B37C89200F23DBB /* Project object */ = {
			isa = PBXProject;
			attributes = {
				LastUpgradeCheck = 0630;
				ORGANIZATIONNAME = armno;
				TargetAttributes = {
					74ECDCF81B37C89200F23DBB = {
						CreatedOnToolsVersion = 6.3.2;
					};
				};
			};
			buildConfigurationList = 74ECDCF41B37C89200F23DBB /* Build configuration list for PBXProject "HelloObjectiveC" */;
			compatibilityVersion = "Xcode 3.2";
			developmentRegion = English;
			hasScannedForEncodings = 0;
			knownRegions = (
				en,
			);
			mainGroup = 74ECDCF01B37C89200F23DBB;
			productRefGroup = 74ECDCFA1B37C89200F23DBB /* Products */;
			projectDirPath = "";
			projectRoot = "";
			targets = (
				74ECDCF81B37C89200F23DBB /* HelloObjectiveC */,
			);
		};
/* End PBXProject section */

/* Begin PBXSourcesBuildPhase section */
		74ECDCF51B37C89200F23DBB /* Sources */ = {
			isa = PBXSourcesBuildPhase;
			buildActionMask = 2147483647;
			files = (
				740174671B382331007441A9 /* Car+Protected.m in Sources */,
				740174641B38214E007441A9 /* Car+Maintenance.m in Sources */,
				7401745B1B381F70007441A9 /* Car.m in Sources */,
				74ECDD081B37E4AA00F23DBB /* Person.m in Sources */,
				740174581B381C8A007441A9 /* main_bicycle.m in Sources */,
				74ECDD051B37D16E00F23DBB /* Car_old.m in Sources */,
				7401746A1B3823CB007441A9 /* Coupe.m in Sources */,
				740174561B381B63007441A9 /* Bicycle.m in Sources */,
			);
			runOnlyForDeploymentPostprocessing = 0;
		};
/* End PBXSourcesBuildPhase section */

/* Begin XCBuildConfiguration section */
		74ECDCFE1B37C89200F23DBB /* Debug */ = {
			isa = XCBuildConfiguration;
			buildSettings = {
				ALWAYS_SEARCH_USER_PATHS = NO;
				CLANG_CXX_LANGUAGE_STANDARD = "gnu++0x";
				CLANG_CXX_LIBRARY = "libc++";
				CLANG_ENABLE_MODULES = YES;
				CLANG_ENABLE_OBJC_ARC = YES;
				CLANG_WARN_BOOL_CONVERSION = YES;
				CLANG_WARN_CONSTANT_CONVERSION = YES;
				CLANG_WARN_DIRECT_OBJC_ISA_USAGE = YES_ERROR;
				CLANG_WARN_EMPTY_BODY = YES;
				CLANG_WARN_ENUM_CONVERSION = YES;
				CLANG_WARN_INT_CONVERSION = YES;
				CLANG_WARN_OBJC_ROOT_CLASS = YES_ERROR;
				CLANG_WARN_UNREACHABLE_CODE = YES;
				CLANG_WARN__DUPLICATE_METHOD_MATCH = YES;
				COPY_PHASE_STRIP = NO;
				DEBUG_INFORMATION_FORMAT = dwarf;
				ENABLE_STRICT_OBJC_MSGSEND = YES;
				GCC_C_LANGUAGE_STANDARD = gnu99;
				GCC_DYNAMIC_NO_PIC = NO;
				GCC_NO_COMMON_BLOCKS = YES;
				GCC_OPTIMIZATION_LEVEL = 0;
				GCC_PREPROCESSOR_DEFINITIONS = (
					"DEBUG=1",
					"$(inherited)",
				);
				GCC_SYMBOLS_PRIVATE_EXTERN = NO;
				GCC_WARN_64_TO_32_BIT_CONVERSION = YES;
				GCC_WARN_ABOUT_RETURN_TYPE = YES_ERROR;
				GCC_WARN_UNDECLARED_SELECTOR = YES;
				GCC_WARN_UNINITIALIZED_AUTOS = YES_AGGRESSIVE;
				GCC_WARN_UNUSED_FUNCTION = YES;
				GCC_WARN_UNUSED_VARIABLE = YES;
				MACOSX_DEPLOYMENT_TARGET = 10.10;
				MTL_ENABLE_DEBUG_INFO = YES;
				ONLY_ACTIVE_ARCH = YES;
				SDKROOT = macosx;
			};
			name = Debug;
		};
		74ECDCFF1B37C89200F23DBB /* Release */ = {
			isa = XCBuildConfiguration;
			buildSettings = {
				ALWAYS_SEARCH_USER_PATHS = NO;
				CLANG_CXX_LANGUAGE_STANDARD = "gnu++0x";
				CLANG_CXX_LIBRARY = "libc++";
				CLANG_ENABLE_MODULES = YES;
				CLANG_ENABLE_OBJC_ARC = YES;
				CLANG_WARN_BOOL_CONVERSION = YES;
				CLANG_WARN_CONSTANT_CONVERSION = YES;
				CLANG_WARN_DIRECT_OBJC_ISA_USAGE = YES_ERROR;
				CLANG_WARN_EMPTY_BODY = YES;
				CLANG_WARN_ENUM_CONVERSION = YES;
				CLANG_WARN_INT_CONVERSION = YES;
				CLANG_WARN_OBJC_ROOT_CLASS = YES_ERROR;
				CLANG_WARN_UNREACHABLE_CODE = YES;
				CLANG_WARN__DUPLICATE_METHOD_MATCH = YES;
				COPY_PHASE_STRIP = NO;
				DEBUG_INFORMATION_FORMAT = "dwarf-with-dsym";
				ENABLE_NS_ASSERTIONS = NO;
				ENABLE_STRICT_OBJC_MSGSEND = YES;
				GCC_C_LANGUAGE_STANDARD = gnu99;
				GCC_NO_COMMON_BLOCKS = YES;
				GCC_WARN_64_TO_32_BIT_CONVERSION = YES;
				GCC_WARN_ABOUT_RETURN_TYPE = YES_ERROR;
				GCC_WARN_UNDECLARED_SELECTOR = YES;
				GCC_WARN_UNINITIALIZED_AUTOS = YES_AGGRESSIVE;
				GCC_WARN_UNUSED_FUNCTION = YES;
				GCC_WARN_UNUSED_VARIABLE = YES;
				MACOSX_DEPLOYMENT_TARGET = 10.10;
				MTL_ENABLE_DEBUG_INFO = NO;
				SDKROOT = macosx;
			};
			name = Release;
		};
		74ECDD011B37C89200F23DBB /* Debug */ = {
			isa = XCBuildConfiguration;
			buildSettings = {
				PRODUCT_NAME = "$(TARGET_NAME)";
			};
			name = Debug;
		};
		74ECDD021B37C89200F23DBB /* Release */ = {
			isa = XCBuildConfiguration;
			buildSettings = {
				PRODUCT_NAME = "$(TARGET_NAME)";
			};
			name = Release;
		};
/* End XCBuildConfiguration section */

/* Begin XCConfigurationList section */
		74ECDCF41B37C89200F23DBB /* Build configuration list for PBXProject "HelloObjectiveC" */ = {
			isa = XCConfigurationList;
			buildConfigurations = (
				74ECDCFE1B37C89200F23DBB /* Debug */,
				74ECDCFF1B37C89200F23DBB /* Release */,
			);
			defaultConfigurationIsVisible = 0;
			defaultConfigurationName = Release;
		};
		74ECDD001B37C89200F23DBB /* Build configuration list for PBXNativeTarget "HelloObjectiveC" */ = {
			isa = XCConfigurationList;
			buildConfigurations = (
				74ECDD011B37C89200F23DBB /* Debug */,
				74ECDD021B37C89200F23DBB /* Release */,
			);
			defaultConfigurationIsVisible = 0;
			defaultConfigurationName = Release;
		};
/* End XCConfigurationList section */
	};
	rootObject = 74ECDCF11B37C89200F23DBB /* Project object */;
}
